
Microsoft Visual Studio Solution File, Format Version 12.00
# Visual Studio 2013
VisualStudioVersion = 12.0.40629.0
MinimumVisualStudioVersion = 10.0.40219.1
Project("{FAE04EC0-301F-11D3-BF4B-00C04F79EFBC}") = "keyboard_guitar", "keyboard_guitar\keyboard_guitar.csproj", "{CBFA5E5F-496B-48A4-A1BA-50191466BBBE}"
EndProject
Global
	GlobalSection(SolutionConfigurationPlatforms) = preSolution
		Debug|Any CPU = Debug|Any CPU
		Release|Any CPU = Release|Any CPU
	EndGlobalSection
	GlobalSection(ProjectConfigurationPlatforms) = postSolution
		{CBFA5E5F-496B-48A4-A1BA-50191466BBBE}.Debug|Any CPU.ActiveCfg = Debug|Any CPU
		{CBFA5E5F-496B-48A4-A1BA-50191466BBBE}.Debug|Any CPU.Build.0 = Debug|Any CPU
		{CBFA5E5F-496B-48A4-A1BA-50191466BBBE}.Release|Any CPU.ActiveCfg = Release|Any CPU
		{CBFA5E5F-496B-48A4-A1BA-50191466BBBE}.Release|Any CPU.Build.0 = Release|Any CPU
	EndGlobalSection
	GlobalSection(SolutionProperties) = preSolution
		HideSolutionNode = FALSE
	EndGlobalSection
EndGlobal
