
Microsoft Visual Studio Solution File, Format Version 12.00
# Visual Studio 2013
VisualStudioVersion = 12.0.31101.0
MinimumVisualStudioVersion = 10.0.40219.1
Project("{FAE04EC0-301F-11D3-BF4B-00C04F79EFBC}") = "Practice 3", "Practice 3\Practice 3.csproj", "{A9FBA010-3B5A-4141-B6E5-23DB5298EB8A}"
EndProject
Global
	GlobalSection(SolutionConfigurationPlatforms) = preSolution
		Debug|Any CPU = Debug|Any CPU
		Release|Any CPU = Release|Any CPU
	EndGlobalSection
	GlobalSection(ProjectConfigurationPlatforms) = postSolution
		{A9FBA010-3B5A-4141-B6E5-23DB5298EB8A}.Debug|Any CPU.ActiveCfg = Debug|Any CPU
		{A9FBA010-3B5A-4141-B6E5-23DB5298EB8A}.Debug|Any CPU.Build.0 = Debug|Any CPU
		{A9FBA010-3B5A-4141-B6E5-23DB5298EB8A}.Release|Any CPU.ActiveCfg = Release|Any CPU
		{A9FBA010-3B5A-4141-B6E5-23DB5298EB8A}.Release|Any CPU.Build.0 = Release|Any CPU
	EndGlobalSection
	GlobalSection(SolutionProperties) = preSolution
		HideSolutionNode = FALSE
	EndGlobalSection
EndGlobal
