
Microsoft Visual Studio Solution File, Format Version 12.00
# Visual Studio 15
VisualStudioVersion = 15.0.28307.136
MinimumVisualStudioVersion = 10.0.40219.1
Project("{FAE04EC0-301F-11D3-BF4B-00C04F79EFBC}") = "clothing_repair", "clothing_repair\clothing_repair.csproj", "{4AB2F561-96C2-47CD-AD4A-48DBEAEA2219}"
EndProject
Global
	GlobalSection(SolutionConfigurationPlatforms) = preSolution
		Debug|Any CPU = Debug|Any CPU
		Release|Any CPU = Release|Any CPU
	EndGlobalSection
	GlobalSection(ProjectConfigurationPlatforms) = postSolution
		{4AB2F561-96C2-47CD-AD4A-48DBEAEA2219}.Debug|Any CPU.ActiveCfg = Debug|Any CPU
		{4AB2F561-96C2-47CD-AD4A-48DBEAEA2219}.Debug|Any CPU.Build.0 = Debug|Any CPU
		{4AB2F561-96C2-47CD-AD4A-48DBEAEA2219}.Release|Any CPU.ActiveCfg = Release|Any CPU
		{4AB2F561-96C2-47CD-AD4A-48DBEAEA2219}.Release|Any CPU.Build.0 = Release|Any CPU
	EndGlobalSection
	GlobalSection(SolutionProperties) = preSolution
		HideSolutionNode = FALSE
	EndGlobalSection
	GlobalSection(ExtensibilityGlobals) = postSolution
		SolutionGuid = {78ACB06F-64ED-4E66-8D60-0FA0611AE633}
	EndGlobalSection
EndGlobal
